// !$*UTF8*$!
{
	archiveVersion = 1;
	classes = {
	};
	objectVersion = 55;
	objects = {

/* Begin PBXBuildFile section */
		5C1E58E72856F1F000139FBC /* testZennexApp.swift in Sources */ = {isa = PBXBuildFile; fileRef = 5C1E58E62856F1F000139FBC /* testZennexApp.swift */; };
		5C1E58E92856F1F000139FBC /* MainView.swift in Sources */ = {isa = PBXBuildFile; fileRef = 5C1E58E82856F1F000139FBC /* MainView.swift */; };
		5C1E58EB2856F1F200139FBC /* Assets.xcassets in Resources */ = {isa = PBXBuildFile; fileRef = 5C1E58EA2856F1F200139FBC /* Assets.xcassets */; };
		5C1E58EE2856F1F200139FBC /* Preview Assets.xcassets in Resources */ = {isa = PBXBuildFile; fileRef = 5C1E58ED2856F1F200139FBC /* Preview Assets.xcassets */; };
		5C1E58F52857044400139FBC /* JournalModel.swift in Sources */ = {isa = PBXBuildFile; fileRef = 5C1E58F42857044400139FBC /* JournalModel.swift */; };
		5C1E58FB28575E6600139FBC /* APIManager.swift in Sources */ = {isa = PBXBuildFile; fileRef = 5C1E58FA28575E6600139FBC /* APIManager.swift */; };
		5C1E58FE2858596A00139FBC /* DetailView.swift in Sources */ = {isa = PBXBuildFile; fileRef = 5C1E58FD2858596A00139FBC /* DetailView.swift */; };
		5C1E59022859F2C200139FBC /* ViewModel.swift in Sources */ = {isa = PBXBuildFile; fileRef = 5C1E59012859F2C200139FBC /* ViewModel.swift */; };
		5C842101285FA8560096C007 /* Extensions.swift in Sources */ = {isa = PBXBuildFile; fileRef = 5C842100285FA8560096C007 /* Extensions.swift */; };
/* End PBXBuildFile section */

/* Begin PBXFileReference section */
		5C1E58E32856F1F000139FBC /* testZennex.app */ = {isa = PBXFileReference; explicitFileType = wrapper.application; includeInIndex = 0; path = testZennex.app; sourceTree = BUILT_PRODUCTS_DIR; };
		5C1E58E62856F1F000139FBC /* testZennexApp.swift */ = {isa = PBXFileReference; lastKnownFileType = sourcecode.swift; path = testZennexApp.swift; sourceTree = "<group>"; };
		5C1E58E82856F1F000139FBC /* MainView.swift */ = {isa = PBXFileReference; lastKnownFileType = sourcecode.swift; path = MainView.swift; sourceTree = "<group>"; };
		5C1E58EA2856F1F200139FBC /* Assets.xcassets */ = {isa = PBXFileReference; lastKnownFileType = folder.assetcatalog; path = Assets.xcassets; sourceTree = "<group>"; };
		5C1E58ED2856F1F200139FBC /* Preview Assets.xcassets */ = {isa = PBXFileReference; lastKnownFileType = folder.assetcatalog; path = "Preview Assets.xcassets"; sourceTree = "<group>"; };
		5C1E58F42857044400139FBC /* JournalModel.swift */ = {isa = PBXFileReference; lastKnownFileType = sourcecode.swift; path = JournalModel.swift; sourceTree = "<group>"; };
		5C1E58FA28575E6600139FBC /* APIManager.swift */ = {isa = PBXFileReference; lastKnownFileType = sourcecode.swift; path = APIManager.swift; sourceTree = "<group>"; };
		5C1E58FD2858596A00139FBC /* DetailView.swift */ = {isa = PBXFileReference; lastKnownFileType = sourcecode.swift; path = DetailView.swift; sourceTree = "<group>"; };
		5C1E59012859F2C200139FBC /* ViewModel.swift */ = {isa = PBXFileReference; lastKnownFileType = sourcecode.swift; path = ViewModel.swift; sourceTree = "<group>"; };
		5C1E5903285C38EE00139FBC /* Info.plist */ = {isa = PBXFileReference; lastKnownFileType = text.plist; path = Info.plist; sourceTree = "<group>"; };
		5C842100285FA8560096C007 /* Extensions.swift */ = {isa = PBXFileReference; lastKnownFileType = sourcecode.swift; path = Extensions.swift; sourceTree = "<group>"; };
/* End PBXFileReference section */

/* Begin PBXFrameworksBuildPhase section */
		5C1E58E02856F1F000139FBC /* Frameworks */ = {
			isa = PBXFrameworksBuildPhase;
			buildActionMask = 2147483647;
			files = (
			);
			runOnlyForDeploymentPostprocessing = 0;
		};
/* End PBXFrameworksBuildPhase section */

/* Begin PBXGroup section */
		5C1E58DA2856F1F000139FBC = {
			isa = PBXGroup;
			children = (
				5C1E58E52856F1F000139FBC /* testZennex */,
				5C1E58E42856F1F000139FBC /* Products */,
			);
			sourceTree = "<group>";
		};
		5C1E58E42856F1F000139FBC /* Products */ = {
			isa = PBXGroup;
			children = (
				5C1E58E32856F1F000139FBC /* testZennex.app */,
			);
			name = Products;
			sourceTree = "<group>";
		};
		5C1E58E52856F1F000139FBC /* testZennex */ = {
			isa = PBXGroup;
			children = (
				5C1E58F928575E4300139FBC /* APIManager */,
				5C1E58FF2859F28A00139FBC /* Model */,
				5C1E58FC2858593800139FBC /* View */,
				5C1E59002859F29B00139FBC /* ViewModels */,
				5C842102285FA9750096C007 /* Helpers */,
				5C1E58EA2856F1F200139FBC /* Assets.xcassets */,
				5C1E5903285C38EE00139FBC /* Info.plist */,
				5C1E58E62856F1F000139FBC /* testZennexApp.swift */,
				5C1E58EC2856F1F200139FBC /* Preview Content */,
			);
			path = testZennex;
			sourceTree = "<group>";
		};
		5C1E58EC2856F1F200139FBC /* Preview Content */ = {
			isa = PBXGroup;
			children = (
				5C1E58ED2856F1F200139FBC /* Preview Assets.xcassets */,
			);
			path = "Preview Content";
			sourceTree = "<group>";
		};
		5C1E58F928575E4300139FBC /* APIManager */ = {
			isa = PBXGroup;
			children = (
				5C1E58FA28575E6600139FBC /* APIManager.swift */,
			);
			path = APIManager;
			sourceTree = "<group>";
		};
		5C1E58FC2858593800139FBC /* View */ = {
			isa = PBXGroup;
			children = (
				5C1E58E82856F1F000139FBC /* MainView.swift */,
				5C1E58FD2858596A00139FBC /* DetailView.swift */,
			);
			path = View;
			sourceTree = "<group>";
		};
		5C1E58FF2859F28A00139FBC /* Model */ = {
			isa = PBXGroup;
			children = (
				5C1E58F42857044400139FBC /* JournalModel.swift */,
			);
			path = Model;
			sourceTree = "<group>";
		};
		5C1E59002859F29B00139FBC /* ViewModels */ = {
			isa = PBXGroup;
			children = (
				5C1E59012859F2C200139FBC /* ViewModel.swift */,
			);
			path = ViewModels;
			sourceTree = "<group>";
		};
		5C842102285FA9750096C007 /* Helpers */ = {
			isa = PBXGroup;
			children = (
				5C842100285FA8560096C007 /* Extensions.swift */,
			);
			path = Helpers;
			sourceTree = "<group>";
		};
/* End PBXGroup section */

/* Begin PBXNativeTarget section */
		5C1E58E22856F1F000139FBC /* testZennex */ = {
			isa = PBXNativeTarget;
			buildConfigurationList = 5C1E58F12856F1F200139FBC /* Build configuration list for PBXNativeTarget "testZennex" */;
			buildPhases = (
				5C1E58DF2856F1F000139FBC /* Sources */,
				5C1E58E02856F1F000139FBC /* Frameworks */,
				5C1E58E12856F1F000139FBC /* Resources */,
			);
			buildRules = (
			);
			dependencies = (
			);
			name = testZennex;
			productName = testZennex;
			productReference = 5C1E58E32856F1F000139FBC /* testZennex.app */;
			productType = "com.apple.product-type.application";
		};
/* End PBXNativeTarget section */

/* Begin PBXProject section */
		5C1E58DB2856F1F000139FBC /* Project object */ = {
			isa = PBXProject;
			attributes = {
				BuildIndependentTargetsInParallel = 1;
				LastSwiftUpdateCheck = 1330;
				LastUpgradeCheck = 1330;
				TargetAttributes = {
					5C1E58E22856F1F000139FBC = {
						CreatedOnToolsVersion = 13.3;
					};
				};
			};
			buildConfigurationList = 5C1E58DE2856F1F000139FBC /* Build configuration list for PBXProject "testZennex" */;
			compatibilityVersion = "Xcode 13.0";
			developmentRegion = en;
			hasScannedForEncodings = 0;
			knownRegions = (
				en,
				Base,
			);
			mainGroup = 5C1E58DA2856F1F000139FBC;
			productRefGroup = 5C1E58E42856F1F000139FBC /* Products */;
			projectDirPath = "";
			projectRoot = "";
			targets = (
				5C1E58E22856F1F000139FBC /* testZennex */,
			);
		};
/* End PBXProject section */

/* Begin PBXResourcesBuildPhase section */
		5C1E58E12856F1F000139FBC /* Resources */ = {
			isa = PBXResourcesBuildPhase;
			buildActionMask = 2147483647;
			files = (
				5C1E58EE2856F1F200139FBC /* Preview Assets.xcassets in Resources */,
				5C1E58EB2856F1F200139FBC /* Assets.xcassets in Resources */,
			);
			runOnlyForDeploymentPostprocessing = 0;
		};
/* End PBXResourcesBuildPhase section */

/* Begin PBXSourcesBuildPhase section */
		5C1E58DF2856F1F000139FBC /* Sources */ = {
			isa = PBXSourcesBuildPhase;
			buildActionMask = 2147483647;
			files = (
				5C1E58F52857044400139FBC /* JournalModel.swift in Sources */,
				5C1E58FE2858596A00139FBC /* DetailView.swift in Sources */,
				5C1E58E92856F1F000139FBC /* MainView.swift in Sources */,
				5C842101285FA8560096C007 /* Extensions.swift in Sources */,
				5C1E58FB28575E6600139FBC /* APIManager.swift in Sources */,
				5C1E58E72856F1F000139FBC /* testZennexApp.swift in Sources */,
				5C1E59022859F2C200139FBC /* ViewModel.swift in Sources */,
			);
			runOnlyForDeploymentPostprocessing = 0;
		};
/* End PBXSourcesBuildPhase section */

/* Begin XCBuildConfiguration section */
		5C1E58EF2856F1F200139FBC /* Debug */ = {
			isa = XCBuildConfiguration;
			buildSettings = {
				ALWAYS_SEARCH_USER_PATHS = NO;
				CLANG_ANALYZER_NONNULL = YES;
				CLANG_ANALYZER_NUMBER_OBJECT_CONVERSION = YES_AGGRESSIVE;
				CLANG_CXX_LANGUAGE_STANDARD = "gnu++17";
				CLANG_ENABLE_MODULES = YES;
				CLANG_ENABLE_OBJC_ARC = YES;
				CLANG_ENABLE_OBJC_WEAK = YES;
				CLANG_WARN_BLOCK_CAPTURE_AUTORELEASING = YES;
				CLANG_WARN_BOOL_CONVERSION = YES;
				CLANG_WARN_COMMA = YES;
				CLANG_WARN_CONSTANT_CONVERSION = YES;
				CLANG_WARN_DEPRECATED_OBJC_IMPLEMENTATIONS = YES;
				CLANG_WARN_DIRECT_OBJC_ISA_USAGE = YES_ERROR;
				CLANG_WARN_DOCUMENTATION_COMMENTS = YES;
				CLANG_WARN_EMPTY_BODY = YES;
				CLANG_WARN_ENUM_CONVERSION = YES;
				CLANG_WARN_INFINITE_RECURSION = YES;
				CLANG_WARN_INT_CONVERSION = YES;
				CLANG_WARN_NON_LITERAL_NULL_CONVERSION = YES;
				CLANG_WARN_OBJC_IMPLICIT_RETAIN_SELF = YES;
				CLANG_WARN_OBJC_LITERAL_CONVERSION = YES;
				CLANG_WARN_OBJC_ROOT_CLASS = YES_ERROR;
				CLANG_WARN_QUOTED_INCLUDE_IN_FRAMEWORK_HEADER = YES;
				CLANG_WARN_RANGE_LOOP_ANALYSIS = YES;
				CLANG_WARN_STRICT_PROTOTYPES = YES;
				CLANG_WARN_SUSPICIOUS_MOVE = YES;
				CLANG_WARN_UNGUARDED_AVAILABILITY = YES_AGGRESSIVE;
				CLANG_WARN_UNREACHABLE_CODE = YES;
				CLANG_WARN__DUPLICATE_METHOD_MATCH = YES;
				COPY_PHASE_STRIP = NO;
				DEBUG_INFORMATION_FORMAT = dwarf;
				ENABLE_STRICT_OBJC_MSGSEND = YES;
				ENABLE_TESTABILITY = YES;
				GCC_C_LANGUAGE_STANDARD = gnu11;
				GCC_DYNAMIC_NO_PIC = NO;
				GCC_NO_COMMON_BLOCKS = YES;
				GCC_OPTIMIZATION_LEVEL = 0;
				GCC_PREPROCESSOR_DEFINITIONS = (
					"DEBUG=1",
					"$(inherited)",
				);
				GCC_WARN_64_TO_32_BIT_CONVERSION = YES;
				GCC_WARN_ABOUT_RETURN_TYPE = YES_ERROR;
				GCC_WARN_UNDECLARED_SELECTOR = YES;
				GCC_WARN_UNINITIALIZED_AUTOS = YES_AGGRESSIVE;
				GCC_WARN_UNUSED_FUNCTION = YES;
				GCC_WARN_UNUSED_VARIABLE = YES;
				IPHONEOS_DEPLOYMENT_TARGET = 15.4;
				MTL_ENABLE_DEBUG_INFO = INCLUDE_SOURCE;
				MTL_FAST_MATH = YES;
				ONLY_ACTIVE_ARCH = YES;
				SDKROOT = iphoneos;
				SWIFT_ACTIVE_COMPILATION_CONDITIONS = DEBUG;
				SWIFT_OPTIMIZATION_LEVEL = "-Onone";
			};
			name = Debug;
		};
		5C1E58F02856F1F200139FBC /* Release */ = {
			isa = XCBuildConfiguration;
			buildSettings = {
				ALWAYS_SEARCH_USER_PATHS = NO;
				CLANG_ANALYZER_NONNULL = YES;
				CLANG_ANALYZER_NUMBER_OBJECT_CONVERSION = YES_AGGRESSIVE;
				CLANG_CXX_LANGUAGE_STANDARD = "gnu++17";
				CLANG_ENABLE_MODULES = YES;
				CLANG_ENABLE_OBJC_ARC = YES;
				CLANG_ENABLE_OBJC_WEAK = YES;
				CLANG_WARN_BLOCK_CAPTURE_AUTORELEASING = YES;
				CLANG_WARN_BOOL_CONVERSION = YES;
				CLANG_WARN_COMMA = YES;
				CLANG_WARN_CONSTANT_CONVERSION = YES;
				CLANG_WARN_DEPRECATED_OBJC_IMPLEMENTATIONS = YES;
				CLANG_WARN_DIRECT_OBJC_ISA_USAGE = YES_ERROR;
				CLANG_WARN_DOCUMENTATION_COMMENTS = YES;
				CLANG_WARN_EMPTY_BODY = YES;
				CLANG_WARN_ENUM_CONVERSION = YES;
				CLANG_WARN_INFINITE_RECURSION = YES;
				CLANG_WARN_INT_CONVERSION = YES;
				CLANG_WARN_NON_LITERAL_NULL_CONVERSION = YES;
				CLANG_WARN_OBJC_IMPLICIT_RETAIN_SELF = YES;
				CLANG_WARN_OBJC_LITERAL_CONVERSION = YES;
				CLANG_WARN_OBJC_ROOT_CLASS = YES_ERROR;
				CLANG_WARN_QUOTED_INCLUDE_IN_FRAMEWORK_HEADER = YES;
				CLANG_WARN_RANGE_LOOP_ANALYSIS = YES;
				CLANG_WARN_STRICT_PROTOTYPES = YES;
				CLANG_WARN_SUSPICIOUS_MOVE = YES;
				CLANG_WARN_UNGUARDED_AVAILABILITY = YES_AGGRESSIVE;
				CLANG_WARN_UNREACHABLE_CODE = YES;
				CLANG_WARN__DUPLICATE_METHOD_MATCH = YES;
				COPY_PHASE_STRIP = NO;
				DEBUG_INFORMATION_FORMAT = "dwarf-with-dsym";
				ENABLE_NS_ASSERTIONS = NO;
				ENABLE_STRICT_OBJC_MSGSEND = YES;
				GCC_C_LANGUAGE_STANDARD = gnu11;
				GCC_NO_COMMON_BLOCKS = YES;
				GCC_WARN_64_TO_32_BIT_CONVERSION = YES;
				GCC_WARN_ABOUT_RETURN_TYPE = YES_ERROR;
				GCC_WARN_UNDECLARED_SELECTOR = YES;
				GCC_WARN_UNINITIALIZED_AUTOS = YES_AGGRESSIVE;
				GCC_WARN_UNUSED_FUNCTION = YES;
				GCC_WARN_UNUSED_VARIABLE = YES;
				IPHONEOS_DEPLOYMENT_TARGET = 15.4;
				MTL_ENABLE_DEBUG_INFO = NO;
				MTL_FAST_MATH = YES;
				SDKROOT = iphoneos;
				SWIFT_COMPILATION_MODE = wholemodule;
				SWIFT_OPTIMIZATION_LEVEL = "-O";
				VALIDATE_PRODUCT = YES;
			};
			name = Release;
		};
		5C1E58F22856F1F200139FBC /* Debug */ = {
			isa = XCBuildConfiguration;
			buildSettings = {
				ASSETCATALOG_COMPILER_APPICON_NAME = AppIcon;
				ASSETCATALOG_COMPILER_GLOBAL_ACCENT_COLOR_NAME = AccentColor;
				CODE_SIGN_STYLE = Automatic;
				CURRENT_PROJECT_VERSION = 1;
				DEVELOPMENT_ASSET_PATHS = "\"testZennex/Preview Content\"";
				DEVELOPMENT_TEAM = 9M58Q9KW7B;
				ENABLE_PREVIEWS = YES;
				GENERATE_INFOPLIST_FILE = YES;
				INFOPLIST_FILE = testZennex/Info.plist;
				INFOPLIST_KEY_UIApplicationSceneManifest_Generation = YES;
				INFOPLIST_KEY_UIApplicationSupportsIndirectInputEvents = YES;
				INFOPLIST_KEY_UILaunchScreen_Generation = YES;
				INFOPLIST_KEY_UISupportedInterfaceOrientations_iPad = "UIInterfaceOrientationPortrait UIInterfaceOrientationPortraitUpsideDown UIInterfaceOrientationLandscapeLeft UIInterfaceOrientationLandscapeRight";
				INFOPLIST_KEY_UISupportedInterfaceOrientations_iPhone = "UIInterfaceOrientationPortrait UIInterfaceOrientationLandscapeLeft UIInterfaceOrientationLandscapeRight";
				LD_RUNPATH_SEARCH_PATHS = (
					"$(inherited)",
					"@executable_path/Frameworks",
				);
				MARKETING_VERSION = 1.0;
				PRODUCT_BUNDLE_IDENTIFIER = d.littlelake.testZennex;
				PRODUCT_NAME = "$(TARGET_NAME)";
				SWIFT_EMIT_LOC_STRINGS = YES;
				SWIFT_VERSION = 5.0;
				TARGETED_DEVICE_FAMILY = "1,2";
			};
			name = Debug;
		};
		5C1E58F32856F1F200139FBC /* Release */ = {
			isa = XCBuildConfiguration;
			buildSettings = {
				ASSETCATALOG_COMPILER_APPICON_NAME = AppIcon;
				ASSETCATALOG_COMPILER_GLOBAL_ACCENT_COLOR_NAME = AccentColor;
				CODE_SIGN_STYLE = Automatic;
				CURRENT_PROJECT_VERSION = 1;
				DEVELOPMENT_ASSET_PATHS = "\"testZennex/Preview Content\"";
				DEVELOPMENT_TEAM = 9M58Q9KW7B;
				ENABLE_PREVIEWS = YES;
				GENERATE_INFOPLIST_FILE = YES;
				INFOPLIST_FILE = testZennex/Info.plist;
				INFOPLIST_KEY_UIApplicationSceneManifest_Generation = YES;
				INFOPLIST_KEY_UIApplicationSupportsIndirectInputEvents = YES;
				INFOPLIST_KEY_UILaunchScreen_Generation = YES;
				INFOPLIST_KEY_UISupportedInterfaceOrientations_iPad = "UIInterfaceOrientationPortrait UIInterfaceOrientationPortraitUpsideDown UIInterfaceOrientationLandscapeLeft UIInterfaceOrientationLandscapeRight";
				INFOPLIST_KEY_UISupportedInterfaceOrientations_iPhone = "UIInterfaceOrientationPortrait UIInterfaceOrientationLandscapeLeft UIInterfaceOrientationLandscapeRight";
				LD_RUNPATH_SEARCH_PATHS = (
					"$(inherited)",
					"@executable_path/Frameworks",
				);
				MARKETING_VERSION = 1.0;
				PRODUCT_BUNDLE_IDENTIFIER = d.littlelake.testZennex;
				PRODUCT_NAME = "$(TARGET_NAME)";
				SWIFT_EMIT_LOC_STRINGS = YES;
				SWIFT_VERSION = 5.0;
				TARGETED_DEVICE_FAMILY = "1,2";
			};
			name = Release;
		};
/* End XCBuildConfiguration section */

/* Begin XCConfigurationList section */
		5C1E58DE2856F1F000139FBC /* Build configuration list for PBXProject "testZennex" */ = {
			isa = XCConfigurationList;
			buildConfigurations = (
				5C1E58EF2856F1F200139FBC /* Debug */,
				5C1E58F02856F1F200139FBC /* Release */,
			);
			defaultConfigurationIsVisible = 0;
			defaultConfigurationName = Release;
		};
		5C1E58F12856F1F200139FBC /* Build configuration list for PBXNativeTarget "testZennex" */ = {
			isa = XCConfigurationList;
			buildConfigurations = (
				5C1E58F22856F1F200139FBC /* Debug */,
				5C1E58F32856F1F200139FBC /* Release */,
			);
			defaultConfigurationIsVisible = 0;
			defaultConfigurationName = Release;
		};
/* End XCConfigurationList section */
	};
	rootObject = 5C1E58DB2856F1F000139FBC /* Project object */;
}
